{
  "projects": [
    {
      "projectId": "dcQejNasSYS5GC9eoihhmA",
      "version": "latest",
      "dependencies": {},
      "lang": "js",
      "fileLocks": [
        {
          "type": "globalVariant",
          "assetId": "PRPENiPMpfAln",
          "checksum": "745896677e90697181cf37329d77c9b3"
        },
        {
          "assetId": "dcQejNasSYS5GC9eoihhmA",
          "type": "projectCss",
          "checksum": "137022e9e0ce576aed44533c9cb21b11"
        },
        {
          "type": "renderModule",
          "assetId": "0lYQUEt5Jtsxx",
          "checksum": "ba850e32b06c27594282b00357a826f7"
        },
        {
          "type": "cssRules",
          "assetId": "0lYQUEt5Jtsxx",
          "checksum": "ba850e32b06c27594282b00357a826f7"
        },
        {
          "type": "renderModule",
          "assetId": "OiKmV36AxyVRx",
          "checksum": "c7bb5e1137be56932ff6186f34a6b74e"
        },
        {
          "type": "cssRules",
          "assetId": "OiKmV36AxyVRx",
          "checksum": "c7bb5e1137be56932ff6186f34a6b74e"
        },
        {
          "type": "renderModule",
          "assetId": "mZAJHUZ6L7w3I",
          "checksum": "d8451764e27f5f24285fbadec04e5905"
        },
        {
          "type": "cssRules",
          "assetId": "mZAJHUZ6L7w3I",
          "checksum": "d8451764e27f5f24285fbadec04e5905"
        },
        {
          "type": "icon",
          "assetId": "hErVmB4I2BTdO",
          "checksum": "1cfe2afae40d932ec6789662a66ee3b7"
        },
        {
          "type": "icon",
          "assetId": "qNFAhSqp0dHIK",
          "checksum": "a48480b5253028d047394ed1611c2baa"
        },
        {
          "type": "icon",
          "assetId": "xRzZYK2pcsRCU",
          "checksum": "0e7a8ddb4bf4be24914b58c3bb328a6d"
        }
      ]
    }
  ],
  "cliVersion": "0.1.145"
}
